
Microsoft Visual Studio Solution File, Format Version 12.00
# Visual Studio 15
VisualStudioVersion = 15.0.28010.2048
MinimumVisualStudioVersion = 10.0.40219.1
Project("{FAE04EC0-301F-11D3-BF4B-00C04F79EFBC}") = "ClassificationProject", "ClasificationProject\ClassificationProject.csproj", "{1DD5AD55-0661-4C59-A52D-B2FC6106F219}"
EndProject
Project("{FAE04EC0-301F-11D3-BF4B-00C04F79EFBC}") = "ClassificationProjectConsole", "ClassificationProjectConsole\ClassificationProjectConsole.csproj", "{5EB5C708-5EBC-4CA9-98A7-968A8A80C4AD}"
EndProject
Global
	GlobalSection(SolutionConfigurationPlatforms) = preSolution
		Debug|Any CPU = Debug|Any CPU
		Release|Any CPU = Release|Any CPU
	EndGlobalSection
	GlobalSection(ProjectConfigurationPlatforms) = postSolution
		{1DD5AD55-0661-4C59-A52D-B2FC6106F219}.Debug|Any CPU.ActiveCfg = Debug|Any CPU
		{1DD5AD55-0661-4C59-A52D-B2FC6106F219}.Debug|Any CPU.Build.0 = Debug|Any CPU
		{1DD5AD55-0661-4C59-A52D-B2FC6106F219}.Release|Any CPU.ActiveCfg = Release|Any CPU
		{1DD5AD55-0661-4C59-A52D-B2FC6106F219}.Release|Any CPU.Build.0 = Release|Any CPU
		{5EB5C708-5EBC-4CA9-98A7-968A8A80C4AD}.Debug|Any CPU.ActiveCfg = Debug|Any CPU
		{5EB5C708-5EBC-4CA9-98A7-968A8A80C4AD}.Debug|Any CPU.Build.0 = Debug|Any CPU
		{5EB5C708-5EBC-4CA9-98A7-968A8A80C4AD}.Release|Any CPU.ActiveCfg = Release|Any CPU
		{5EB5C708-5EBC-4CA9-98A7-968A8A80C4AD}.Release|Any CPU.Build.0 = Release|Any CPU
	EndGlobalSection
	GlobalSection(SolutionProperties) = preSolution
		HideSolutionNode = FALSE
	EndGlobalSection
	GlobalSection(ExtensibilityGlobals) = postSolution
		SolutionGuid = {A4095EC7-9A3B-44C8-BA4C-DB89AA12B6A4}
	EndGlobalSection
EndGlobal
